
Microsoft Visual Studio Solution File, Format Version 12.00
# Visual Studio 15
VisualStudioVersion = 15.0.28307.902
MinimumVisualStudioVersion = 10.0.40219.1
Project("{FAE04EC0-301F-11D3-BF4B-00C04F79EFBC}") = "Info-Business", "Info-Business\Info-Business.csproj", "{B08D0161-C051-4982-BDE4-BD219A044002}"
EndProject
Global
	GlobalSection(SolutionConfigurationPlatforms) = preSolution
		Debug|Any CPU = Debug|Any CPU
		Release|Any CPU = Release|Any CPU
	EndGlobalSection
	GlobalSection(ProjectConfigurationPlatforms) = postSolution
		{B08D0161-C051-4982-BDE4-BD219A044002}.Debug|Any CPU.ActiveCfg = Debug|Any CPU
		{B08D0161-C051-4982-BDE4-BD219A044002}.Debug|Any CPU.Build.0 = Debug|Any CPU
		{B08D0161-C051-4982-BDE4-BD219A044002}.Release|Any CPU.ActiveCfg = Release|Any CPU
		{B08D0161-C051-4982-BDE4-BD219A044002}.Release|Any CPU.Build.0 = Release|Any CPU
	EndGlobalSection
	GlobalSection(SolutionProperties) = preSolution
		HideSolutionNode = FALSE
	EndGlobalSection
	GlobalSection(ExtensibilityGlobals) = postSolution
		SolutionGuid = {6A1CA461-0A14-4313-87F2-B8398A2F10CF}
	EndGlobalSection
EndGlobal
